
Microsoft Visual Studio Solution File, Format Version 12.00
# Visual Studio Version 17
VisualStudioVersion = 17.5.33516.290
MinimumVisualStudioVersion = 10.0.40219.1
Project("{FAE04EC0-301F-11D3-BF4B-00C04F79EFBC}") = "6040CEM_GUI_Windows", "6040CEM_GUI_Windows\6040CEM_GUI_Windows.csproj", "{9E3E99D0-E922-4D71-9AA0-7538CF3398F9}"
EndProject
Global
	GlobalSection(SolutionConfigurationPlatforms) = preSolution
		Debug|Any CPU = Debug|Any CPU
		Release|Any CPU = Release|Any CPU
	EndGlobalSection
	GlobalSection(ProjectConfigurationPlatforms) = postSolution
		{9E3E99D0-E922-4D71-9AA0-7538CF3398F9}.Debug|Any CPU.ActiveCfg = Debug|Any CPU
		{9E3E99D0-E922-4D71-9AA0-7538CF3398F9}.Debug|Any CPU.Build.0 = Debug|Any CPU
		{9E3E99D0-E922-4D71-9AA0-7538CF3398F9}.Release|Any CPU.ActiveCfg = Release|Any CPU
		{9E3E99D0-E922-4D71-9AA0-7538CF3398F9}.Release|Any CPU.Build.0 = Release|Any CPU
	EndGlobalSection
	GlobalSection(SolutionProperties) = preSolution
		HideSolutionNode = FALSE
	EndGlobalSection
	GlobalSection(ExtensibilityGlobals) = postSolution
		SolutionGuid = {125D1B88-997C-4807-8508-9AC48B5D77FB}
	EndGlobalSection
EndGlobal
